# This file is autogenerated, do not edit; changes may be undone by the next 'dep ensure'.


[[projects]]
  name = "github.com/cenkalti/backoff"
  packages = ["."]
  revision = "61153c768f31ee5f130071d08fc82b85208528de"
  version = "v1.1.0"

[[projects]]
  name = "github.com/davecgh/go-spew"
  packages = ["spew"]
  revision = "346938d642f2ec3594ed81d874461961cd0faa76"
  version = "v1.1.0"

[[projects]]
  name = "github.com/ddliu/go-httpclient"
  packages = ["."]
  revision = "52a7afc73c57c5b898b5514a5467f8d38decd3ed"
  version = "v0.5.1"

[[projects]]
  branch = "master"
  name = "github.com/dghubble/go-twitter"
  packages = ["twitter"]
  revision = "c4115fa44a928413e0b857e0eb47376ffde3a61a"

[[projects]]
  branch = "master"
  name = "github.com/dghubble/oauth1"
  packages = [
    ".",
    "twitter"
  ]
  revision = "c0a405baf29f5ed2616bc1ef6b778532c960aa5b"

[[projects]]
  name = "github.com/dghubble/sling"
  packages = ["."]
  revision = "eb56e89ac5088bebb12eef3cb4b293300f43608b"
  version = "v1.1.0"

[[projects]]
  branch = "master"
  name = "github.com/google/go-querystring"
  packages = ["query"]
  revision = "53e6ce116135b80d037921a7fdd5138cf32d7a8a"

[[projects]]
  branch = "master"
  name = "github.com/kylelemons/go-gypsy"
  packages = ["yaml"]
  revision = "08cad365cd28a7fba23bb1e57aa43c5e18ad8bb8"

[[projects]]
  name = "github.com/pmezard/go-difflib"
  packages = ["difflib"]
  revision = "792786c7400a136282c1664665ae0a8db921c6c2"
  version = "v1.0.0"

[[projects]]
  name = "github.com/stretchr/testify"
  packages = ["assert"]
  revision = "69483b4bd14f5845b5a1e55bca19e954e827f1d0"
  version = "v1.1.4"

[[projects]]
  branch = "master"
  name = "github.com/subosito/shorturl"
  packages = [
    ".",
    "adfly",
    "base",
    "bitly",
    "catchy",
    "cligs",
    "gggg",
    "gitio",
    "googl",
    "isgd",
    "moourl",
    "pendekin",
    "shorl",
    "snipurl",
    "tinyurl",
    "vamu"
  ]
  revision = "3dc4cee684914f665399d6a5cddc13b1864b36dd"

[[projects]]
  name = "github.com/urfave/cli"
  packages = ["."]
  revision = "cfb38830724cc34fedffe9a2a29fb54fa9169cd1"
  version = "v1.20.0"

[[projects]]
  branch = "master"
  name = "golang.org/x/net"
  packages = [
    "context",
    "html",
    "html/atom"
  ]
  revision = "92447d55896d6f92b4a0d4fd83bd078b0374e8fa"

[[projects]]
  name = "mvdan.cc/xurls"
  packages = ["."]
  revision = "de85a6f607af2e645cce05905efd9420e43b91f1"
  version = "v1.0.0"

[solve-meta]
  analyzer-name = "dep"
  analyzer-version = 1
  inputs-digest = "1cb96518ec90ad1cf10c7bd55dbb4a067deb24656b03f9b99b9bd31803c315b3"
  solver-name = "gps-cdcl"
  solver-version = 1
